<?xml version="1.0" encoding="utf-8"?>
<Project ToolsVersion="4.0" xmlns="http://schemas.microsoft.com/developer/msbuild/2003">
  <ItemGroup>
    <Filter Include="Source Files">
      <UniqueIdentifier>{4FC737F1-C7A5-4376-A066-2A32D752A2FF}</UniqueIdentifier>
      <Extensions>cpp;c;cc;cxx;c++;cppm;ixx;def;odl;idl;hpj;bat;asm;asmx</Extensions>
    </Filter>
    <Filter Include="Header Files">
      <UniqueIdentifier>{93995380-89BD-4b04-88EB-625FBE52EBFB}</UniqueIdentifier>
      <Extensions>h;hh;hpp;hxx;h++;hm;inl;inc;ipp;xsd</Extensions>
    </Filter>
    <Filter Include="Resource Files">
      <UniqueIdentifier>{67DA6AB6-F800-4c08-8B7A-83BB121AAD01}</UniqueIdentifier>
      <Extensions>rc;ico;cur;bmp;dlg;rc2;rct;bin;rgs;gif;jpg;jpeg;jpe;resx;tiff;tif;png;wav;mfcribbon-ms</Extensions>
    </Filter>
  </ItemGroup>
  <ItemGroup>
    <ClCompile Include="Source.cpp">
      <Filter>Source Files</Filter>
    </ClCompile>
    <ClCompile Include="src\imgui.cpp">
      <Filter>Source Files</Filter>
    </ClCompile>
    <ClCompile Include="src\imgui_demo.cpp">
      <Filter>Source Files</Filter>
    </ClCompile>
    <ClCompile Include="src\imgui_draw.cpp">
      <Filter>Source Files</Filter>
    </ClCompile>
    <ClCompile Include="src\imgui_impl_opengl3.cpp">
      <Filter>Source Files</Filter>
    </ClCompile>
    <ClCompile Include="src\imgui_tables.cpp">
      <Filter>Source Files</Filter>
    </ClCompile>
    <ClCompile Include="src\imgui_widgets.cpp">
      <Filter>Source Files</Filter>
    </ClCompile>
    <ClCompile Include="src\Log.cpp">
      <Filter>Source Files</Filter>
    </ClCompile>
    <ClCompile Include="src\Renderer.cpp">
      <Filter>Source Files</Filter>
    </ClCompile>
    <ClCompile Include="src\Engine.cpp">
      <Filter>Source Files</Filter>
    </ClCompile>
    <ClCompile Include="src\instPGE.cpp">
      <Filter>Source Files</Filter>
    </ClCompile>
    <ClCompile Include="src\dorkestCamera.cpp">
      <Filter>Source Files</Filter>
    </ClCompile>
    <ClCompile Include="src\dorkestSpriteMan.cpp">
      <Filter>Source Files</Filter>
    </ClCompile>
    <ClCompile Include="src\dorkestScene.cpp">
      <Filter>Source Files</Filter>
    </ClCompile>
    <ClCompile Include="src\dorkestProfiler.cpp">
      <Filter>Source Files</Filter>
    </ClCompile>
    <ClCompile Include="src\MapSeg.cpp">
      <Filter>Source Files</Filter>
    </ClCompile>
    <ClCompile Include="src\dorkestMap.cpp">
      <Filter>Source Files</Filter>
    </ClCompile>
  </ItemGroup>
  <ItemGroup>
    <ClInclude Include="inc\Engine\Engine.h">
      <Filter>Header Files</Filter>
    </ClInclude>
    <ClInclude Include="inc\Util\Log.h">
      <Filter>Header Files</Filter>
    </ClInclude>
    <ClInclude Include="inc\Util\Math\perlinNoise.h">
      <Filter>Header Files</Filter>
    </ClInclude>
    <ClInclude Include="inc\Util\Status.h">
      <Filter>Header Files</Filter>
    </ClInclude>
    <ClInclude Include="inc\Util\Math\Vector2.h">
      <Filter>Header Files</Filter>
    </ClInclude>
    <ClInclude Include="inc\Util\Math\Vector3.h">
      <Filter>Header Files</Filter>
    </ClInclude>
    <ClInclude Include="inc\Util\Math\Octree.h">
      <Filter>Header Files</Filter>
    </ClInclude>
    <ClInclude Include="inc\Util\Math\Geometry\AABB.h">
      <Filter>Header Files</Filter>
    </ClInclude>
    <ClInclude Include="inc\Engine\imguiWindows\ConsoleIMGUI.h">
      <Filter>Header Files</Filter>
    </ClInclude>
    <ClInclude Include="inc\Engine\Render\dorkestRenderer.h">
      <Filter>Header Files</Filter>
    </ClInclude>
    <ClInclude Include="inc\instPGE.h">
      <Filter>Header Files</Filter>
    </ClInclude>
    <ClInclude Include="inc\Util\Math\Geometry\Ray.h">
      <Filter>Header Files</Filter>
    </ClInclude>
    <ClInclude Include="inc\Engine\Render\dorkestCamera.h">
      <Filter>Header Files</Filter>
    </ClInclude>
    <ClInclude Include="inc\Engine\Render\dorkestSprite.h">
      <Filter>Header Files</Filter>
    </ClInclude>
    <ClInclude Include="inc\Engine\Render\dorkestSpriteManager.h">
      <Filter>Header Files</Filter>
    </ClInclude>
    <ClInclude Include="inc\Util\Math\Vector4.h">
      <Filter>Header Files</Filter>
    </ClInclude>
    <ClInclude Include="inc\Util\Math\Matrix3.h">
      <Filter>Header Files</Filter>
    </ClInclude>
    <ClInclude Include="inc\Util\Math\Matrix4.h">
      <Filter>Header Files</Filter>
    </ClInclude>
    <ClInclude Include="inc\Util\Math\Geometry\Quaternion.h">
      <Filter>Header Files</Filter>
    </ClInclude>
    <ClInclude Include="inc\Engine\imguiWindows\DebugIMGUI.h">
      <Filter>Header Files</Filter>
    </ClInclude>
    <ClInclude Include="inc\Util\Math\Geometry\Plane.h">
      <Filter>Header Files</Filter>
    </ClInclude>
    <ClInclude Include="inc\Util\Math\Geometry\LineSeg.h">
      <Filter>Header Files</Filter>
    </ClInclude>
    <ClInclude Include="inc\ECS\components.h">
      <Filter>Header Files</Filter>
    </ClInclude>
    <ClInclude Include="inc\ECS\Systems\RenderSystem.h">
      <Filter>Header Files</Filter>
    </ClInclude>
    <ClInclude Include="inc\ECS\dorkestBaseEntity.h">
      <Filter>Header Files</Filter>
    </ClInclude>
    <ClInclude Include="inc\ECS\dorkestScene.h">
      <Filter>Header Files</Filter>
    </ClInclude>
    <ClInclude Include="inc\Util\dorkestProfiler.h">
      <Filter>Header Files</Filter>
    </ClInclude>
    <ClInclude Include="inc\Engine\World\MapSeg.h">
      <Filter>Header Files</Filter>
    </ClInclude>
    <ClInclude Include="inc\ECS\TerrainEntity.h">
      <Filter>Header Files</Filter>
    </ClInclude>
    <ClInclude Include="inc\Engine\World\Light.h">
      <Filter>Header Files</Filter>
    </ClInclude>
    <ClInclude Include="inc\Engine\World\dorkestMap.h">
      <Filter>Header Files</Filter>
    </ClInclude>
    <ClInclude Include="inc\Util\Math\Geometry\FibSphere.h">
      <Filter>Header Files</Filter>
    </ClInclude>
    <ClInclude Include="inc\Util\Math\Geometry\Point.h">
      <Filter>Header Files</Filter>
    </ClInclude>
    <ClInclude Include="inc\Util\Color.h">
      <Filter>Header Files</Filter>
    </ClInclude>
    <ClInclude Include="inc\Util\Math\Geometry\nGons.h">
      <Filter>Header Files</Filter>
    </ClInclude>
    <ClInclude Include="..\..\CPP_DEV_LIBS\olcPixelGameEngine-master\Extensions\olcPGEX_DX11ShadersPlus.h">
      <Filter>Header Files</Filter>
    </ClInclude>
  </ItemGroup>
  <ItemGroup>
    <Media Include="res\CantinaBand3.wav">
      <Filter>Resource Files</Filter>
    </Media>
  </ItemGroup>
</Project>